// !$*UTF8*$!
{
	archiveVersion = 1;
	classes = {
	};
	objectVersion = 56;
	objects = {

/* Begin PBXBuildFile section */
		1B0B83C829350D02009CD0F7 /* SwiftUI_google_cloud_video_intelligenceApp.swift in Sources */ = {isa = PBXBuildFile; fileRef = 1B0B83C729350D02009CD0F7 /* SwiftUI_google_cloud_video_intelligenceApp.swift */; };
		1B0B83CA29350D02009CD0F7 /* ContentView.swift in Sources */ = {isa = PBXBuildFile; fileRef = 1B0B83C929350D02009CD0F7 /* ContentView.swift */; };
		1B0B83CC29350D03009CD0F7 /* Assets.xcassets in Resources */ = {isa = PBXBuildFile; fileRef = 1B0B83CB29350D03009CD0F7 /* Assets.xcassets */; };
		1B0B83CF29350D03009CD0F7 /* Preview Assets.xcassets in Resources */ = {isa = PBXBuildFile; fileRef = 1B0B83CE29350D03009CD0F7 /* Preview Assets.xcassets */; };
		1B0B83D729350F4B009CD0F7 /* FirebaseAuth in Frameworks */ = {isa = PBXBuildFile; productRef = 1B0B83D629350F4B009CD0F7 /* FirebaseAuth */; };
		1B0B83D929350F4B009CD0F7 /* FirebaseFirestore in Frameworks */ = {isa = PBXBuildFile; productRef = 1B0B83D829350F4B009CD0F7 /* FirebaseFirestore */; };
		1B0B83DB29350F4B009CD0F7 /* FirebaseFirestoreSwift in Frameworks */ = {isa = PBXBuildFile; productRef = 1B0B83DA29350F4B009CD0F7 /* FirebaseFirestoreSwift */; };
		1B0B83DD29350F58009CD0F7 /* Constants.swift in Sources */ = {isa = PBXBuildFile; fileRef = 1B0B83DC29350F58009CD0F7 /* Constants.swift */; };
/* End PBXBuildFile section */

/* Begin PBXFileReference section */
		1B0B83C429350D01009CD0F7 /* SwiftUI_google_cloud_video_intelligence.app */ = {isa = PBXFileReference; explicitFileType = wrapper.application; includeInIndex = 0; path = SwiftUI_google_cloud_video_intelligence.app; sourceTree = BUILT_PRODUCTS_DIR; };
		1B0B83C729350D02009CD0F7 /* SwiftUI_google_cloud_video_intelligenceApp.swift */ = {isa = PBXFileReference; lastKnownFileType = sourcecode.swift; path = SwiftUI_google_cloud_video_intelligenceApp.swift; sourceTree = "<group>"; };
		1B0B83C929350D02009CD0F7 /* ContentView.swift */ = {isa = PBXFileReference; lastKnownFileType = sourcecode.swift; path = ContentView.swift; sourceTree = "<group>"; };
		1B0B83CB29350D03009CD0F7 /* Assets.xcassets */ = {isa = PBXFileReference; lastKnownFileType = folder.assetcatalog; path = Assets.xcassets; sourceTree = "<group>"; };
		1B0B83CE29350D03009CD0F7 /* Preview Assets.xcassets */ = {isa = PBXFileReference; lastKnownFileType = folder.assetcatalog; path = "Preview Assets.xcassets"; sourceTree = "<group>"; };
		1B0B83DC29350F58009CD0F7 /* Constants.swift */ = {isa = PBXFileReference; lastKnownFileType = sourcecode.swift; path = Constants.swift; sourceTree = "<group>"; };
/* End PBXFileReference section */

/* Begin PBXFrameworksBuildPhase section */
		1B0B83C129350D01009CD0F7 /* Frameworks */ = {
			isa = PBXFrameworksBuildPhase;
			buildActionMask = 2147483647;
			files = (
				1B0B83D729350F4B009CD0F7 /* FirebaseAuth in Frameworks */,
				1B0B83D929350F4B009CD0F7 /* FirebaseFirestore in Frameworks */,
				1B0B83DB29350F4B009CD0F7 /* FirebaseFirestoreSwift in Frameworks */,
			);
			runOnlyForDeploymentPostprocessing = 0;
		};
/* End PBXFrameworksBuildPhase section */

/* Begin PBXGroup section */
		1B0B83BB29350D01009CD0F7 = {
			isa = PBXGroup;
			children = (
				1B0B83C629350D01009CD0F7 /* SwiftUI_google_cloud_video_intelligence */,
				1B0B83C529350D01009CD0F7 /* Products */,
			);
			sourceTree = "<group>";
		};
		1B0B83C529350D01009CD0F7 /* Products */ = {
			isa = PBXGroup;
			children = (
				1B0B83C429350D01009CD0F7 /* SwiftUI_google_cloud_video_intelligence.app */,
			);
			name = Products;
			sourceTree = "<group>";
		};
		1B0B83C629350D01009CD0F7 /* SwiftUI_google_cloud_video_intelligence */ = {
			isa = PBXGroup;
			children = (
				1B0B83C729350D02009CD0F7 /* SwiftUI_google_cloud_video_intelligenceApp.swift */,
				1B0B83C929350D02009CD0F7 /* ContentView.swift */,
				1B0B83CB29350D03009CD0F7 /* Assets.xcassets */,
				1B0B83CD29350D03009CD0F7 /* Preview Content */,
				1B0B83DC29350F58009CD0F7 /* Constants.swift */,
			);
			path = SwiftUI_google_cloud_video_intelligence;
			sourceTree = "<group>";
		};
		1B0B83CD29350D03009CD0F7 /* Preview Content */ = {
			isa = PBXGroup;
			children = (
				1B0B83CE29350D03009CD0F7 /* Preview Assets.xcassets */,
			);
			path = "Preview Content";
			sourceTree = "<group>";
		};
/* End PBXGroup section */

/* Begin PBXNativeTarget section */
		1B0B83C329350D01009CD0F7 /* SwiftUI_google_cloud_video_intelligence */ = {
			isa = PBXNativeTarget;
			buildConfigurationList = 1B0B83D229350D03009CD0F7 /* Build configuration list for PBXNativeTarget "SwiftUI_google_cloud_video_intelligence" */;
			buildPhases = (
				1B0B83C029350D01009CD0F7 /* Sources */,
				1B0B83C129350D01009CD0F7 /* Frameworks */,
				1B0B83C229350D01009CD0F7 /* Resources */,
			);
			buildRules = (
			);
			dependencies = (
			);
			name = SwiftUI_google_cloud_video_intelligence;
			packageProductDependencies = (
				1B0B83D629350F4B009CD0F7 /* FirebaseAuth */,
				1B0B83D829350F4B009CD0F7 /* FirebaseFirestore */,
				1B0B83DA29350F4B009CD0F7 /* FirebaseFirestoreSwift */,
			);
			productName = SwiftUI_google_cloud_video_intelligence;
			productReference = 1B0B83C429350D01009CD0F7 /* SwiftUI_google_cloud_video_intelligence.app */;
			productType = "com.apple.product-type.application";
		};
/* End PBXNativeTarget section */

/* Begin PBXProject section */
		1B0B83BC29350D01009CD0F7 /* Project object */ = {
			isa = PBXProject;
			attributes = {
				BuildIndependentTargetsInParallel = 1;
				LastSwiftUpdateCheck = 1400;
				LastUpgradeCheck = 1400;
				TargetAttributes = {
					1B0B83C329350D01009CD0F7 = {
						CreatedOnToolsVersion = 14.0.1;
					};
				};
			};
			buildConfigurationList = 1B0B83BF29350D01009CD0F7 /* Build configuration list for PBXProject "SwiftUI_google_cloud_video_intelligence" */;
			compatibilityVersion = "Xcode 14.0";
			developmentRegion = en;
			hasScannedForEncodings = 0;
			knownRegions = (
				en,
				Base,
			);
			mainGroup = 1B0B83BB29350D01009CD0F7;
			packageReferences = (
				1B0B83D529350F4B009CD0F7 /* XCRemoteSwiftPackageReference "firebase-ios-sdk" */,
			);
			productRefGroup = 1B0B83C529350D01009CD0F7 /* Products */;
			projectDirPath = "";
			projectRoot = "";
			targets = (
				1B0B83C329350D01009CD0F7 /* SwiftUI_google_cloud_video_intelligence */,
			);
		};
/* End PBXProject section */

/* Begin PBXResourcesBuildPhase section */
		1B0B83C229350D01009CD0F7 /* Resources */ = {
			isa = PBXResourcesBuildPhase;
			buildActionMask = 2147483647;
			files = (
				1B0B83CF29350D03009CD0F7 /* Preview Assets.xcassets in Resources */,
				1B0B83CC29350D03009CD0F7 /* Assets.xcassets in Resources */,
			);
			runOnlyForDeploymentPostprocessing = 0;
		};
/* End PBXResourcesBuildPhase section */

/* Begin PBXSourcesBuildPhase section */
		1B0B83C029350D01009CD0F7 /* Sources */ = {
			isa = PBXSourcesBuildPhase;
			buildActionMask = 2147483647;
			files = (
				1B0B83CA29350D02009CD0F7 /* ContentView.swift in Sources */,
				1B0B83C829350D02009CD0F7 /* SwiftUI_google_cloud_video_intelligenceApp.swift in Sources */,
				1B0B83DD29350F58009CD0F7 /* Constants.swift in Sources */,
			);
			runOnlyForDeploymentPostprocessing = 0;
		};
/* End PBXSourcesBuildPhase section */

/* Begin XCBuildConfiguration section */
		1B0B83D029350D03009CD0F7 /* Debug */ = {
			isa = XCBuildConfiguration;
			buildSettings = {
				ALWAYS_SEARCH_USER_PATHS = NO;
				CLANG_ANALYZER_NONNULL = YES;
				CLANG_ANALYZER_NUMBER_OBJECT_CONVERSION = YES_AGGRESSIVE;
				CLANG_CXX_LANGUAGE_STANDARD = "gnu++20";
				CLANG_ENABLE_MODULES = YES;
				CLANG_ENABLE_OBJC_ARC = YES;
				CLANG_ENABLE_OBJC_WEAK = YES;
				CLANG_WARN_BLOCK_CAPTURE_AUTORELEASING = YES;
				CLANG_WARN_BOOL_CONVERSION = YES;
				CLANG_WARN_COMMA = YES;
				CLANG_WARN_CONSTANT_CONVERSION = YES;
				CLANG_WARN_DEPRECATED_OBJC_IMPLEMENTATIONS = YES;
				CLANG_WARN_DIRECT_OBJC_ISA_USAGE = YES_ERROR;
				CLANG_WARN_DOCUMENTATION_COMMENTS = YES;
				CLANG_WARN_EMPTY_BODY = YES;
				CLANG_WARN_ENUM_CONVERSION = YES;
				CLANG_WARN_INFINITE_RECURSION = YES;
				CLANG_WARN_INT_CONVERSION = YES;
				CLANG_WARN_NON_LITERAL_NULL_CONVERSION = YES;
				CLANG_WARN_OBJC_IMPLICIT_RETAIN_SELF = YES;
				CLANG_WARN_OBJC_LITERAL_CONVERSION = YES;
				CLANG_WARN_OBJC_ROOT_CLASS = YES_ERROR;
				CLANG_WARN_QUOTED_INCLUDE_IN_FRAMEWORK_HEADER = YES;
				CLANG_WARN_RANGE_LOOP_ANALYSIS = YES;
				CLANG_WARN_STRICT_PROTOTYPES = YES;
				CLANG_WARN_SUSPICIOUS_MOVE = YES;
				CLANG_WARN_UNGUARDED_AVAILABILITY = YES_AGGRESSIVE;
				CLANG_WARN_UNREACHABLE_CODE = YES;
				CLANG_WARN__DUPLICATE_METHOD_MATCH = YES;
				COPY_PHASE_STRIP = NO;
				DEBUG_INFORMATION_FORMAT = dwarf;
				ENABLE_STRICT_OBJC_MSGSEND = YES;
				ENABLE_TESTABILITY = YES;
				GCC_C_LANGUAGE_STANDARD = gnu11;
				GCC_DYNAMIC_NO_PIC = NO;
				GCC_NO_COMMON_BLOCKS = YES;
				GCC_OPTIMIZATION_LEVEL = 0;
				GCC_PREPROCESSOR_DEFINITIONS = (
					"DEBUG=1",
					"$(inherited)",
				);
				GCC_WARN_64_TO_32_BIT_CONVERSION = YES;
				GCC_WARN_ABOUT_RETURN_TYPE = YES_ERROR;
				GCC_WARN_UNDECLARED_SELECTOR = YES;
				GCC_WARN_UNINITIALIZED_AUTOS = YES_AGGRESSIVE;
				GCC_WARN_UNUSED_FUNCTION = YES;
				GCC_WARN_UNUSED_VARIABLE = YES;
				IPHONEOS_DEPLOYMENT_TARGET = 16.0;
				MTL_ENABLE_DEBUG_INFO = INCLUDE_SOURCE;
				MTL_FAST_MATH = YES;
				ONLY_ACTIVE_ARCH = YES;
				SDKROOT = iphoneos;
				SWIFT_ACTIVE_COMPILATION_CONDITIONS = DEBUG;
				SWIFT_OPTIMIZATION_LEVEL = "-Onone";
			};
			name = Debug;
		};
		1B0B83D129350D03009CD0F7 /* Release */ = {
			isa = XCBuildConfiguration;
			buildSettings = {
				ALWAYS_SEARCH_USER_PATHS = NO;
				CLANG_ANALYZER_NONNULL = YES;
				CLANG_ANALYZER_NUMBER_OBJECT_CONVERSION = YES_AGGRESSIVE;
				CLANG_CXX_LANGUAGE_STANDARD = "gnu++20";
				CLANG_ENABLE_MODULES = YES;
				CLANG_ENABLE_OBJC_ARC = YES;
				CLANG_ENABLE_OBJC_WEAK = YES;
				CLANG_WARN_BLOCK_CAPTURE_AUTORELEASING = YES;
				CLANG_WARN_BOOL_CONVERSION = YES;
				CLANG_WARN_COMMA = YES;
				CLANG_WARN_CONSTANT_CONVERSION = YES;
				CLANG_WARN_DEPRECATED_OBJC_IMPLEMENTATIONS = YES;
				CLANG_WARN_DIRECT_OBJC_ISA_USAGE = YES_ERROR;
				CLANG_WARN_DOCUMENTATION_COMMENTS = YES;
				CLANG_WARN_EMPTY_BODY = YES;
				CLANG_WARN_ENUM_CONVERSION = YES;
				CLANG_WARN_INFINITE_RECURSION = YES;
				CLANG_WARN_INT_CONVERSION = YES;
				CLANG_WARN_NON_LITERAL_NULL_CONVERSION = YES;
				CLANG_WARN_OBJC_IMPLICIT_RETAIN_SELF = YES;
				CLANG_WARN_OBJC_LITERAL_CONVERSION = YES;
				CLANG_WARN_OBJC_ROOT_CLASS = YES_ERROR;
				CLANG_WARN_QUOTED_INCLUDE_IN_FRAMEWORK_HEADER = YES;
				CLANG_WARN_RANGE_LOOP_ANALYSIS = YES;
				CLANG_WARN_STRICT_PROTOTYPES = YES;
				CLANG_WARN_SUSPICIOUS_MOVE = YES;
				CLANG_WARN_UNGUARDED_AVAILABILITY = YES_AGGRESSIVE;
				CLANG_WARN_UNREACHABLE_CODE = YES;
				CLANG_WARN__DUPLICATE_METHOD_MATCH = YES;
				COPY_PHASE_STRIP = NO;
				DEBUG_INFORMATION_FORMAT = "dwarf-with-dsym";
				ENABLE_NS_ASSERTIONS = NO;
				ENABLE_STRICT_OBJC_MSGSEND = YES;
				GCC_C_LANGUAGE_STANDARD = gnu11;
				GCC_NO_COMMON_BLOCKS = YES;
				GCC_WARN_64_TO_32_BIT_CONVERSION = YES;
				GCC_WARN_ABOUT_RETURN_TYPE = YES_ERROR;
				GCC_WARN_UNDECLARED_SELECTOR = YES;
				GCC_WARN_UNINITIALIZED_AUTOS = YES_AGGRESSIVE;
				GCC_WARN_UNUSED_FUNCTION = YES;
				GCC_WARN_UNUSED_VARIABLE = YES;
				IPHONEOS_DEPLOYMENT_TARGET = 16.0;
				MTL_ENABLE_DEBUG_INFO = NO;
				MTL_FAST_MATH = YES;
				SDKROOT = iphoneos;
				SWIFT_COMPILATION_MODE = wholemodule;
				SWIFT_OPTIMIZATION_LEVEL = "-O";
				VALIDATE_PRODUCT = YES;
			};
			name = Release;
		};
		1B0B83D329350D03009CD0F7 /* Debug */ = {
			isa = XCBuildConfiguration;
			buildSettings = {
				ASSETCATALOG_COMPILER_APPICON_NAME = AppIcon;
				ASSETCATALOG_COMPILER_GLOBAL_ACCENT_COLOR_NAME = AccentColor;
				CODE_SIGN_STYLE = Automatic;
				CURRENT_PROJECT_VERSION = 1;
				DEVELOPMENT_ASSET_PATHS = "\"SwiftUI_google_cloud_video_intelligence/Preview Content\"";
				DEVELOPMENT_TEAM = 555LCL8R2S;
				ENABLE_PREVIEWS = YES;
				GENERATE_INFOPLIST_FILE = YES;
				INFOPLIST_KEY_UIApplicationSceneManifest_Generation = YES;
				INFOPLIST_KEY_UIApplicationSupportsIndirectInputEvents = YES;
				INFOPLIST_KEY_UILaunchScreen_Generation = YES;
				INFOPLIST_KEY_UISupportedInterfaceOrientations_iPad = "UIInterfaceOrientationPortrait UIInterfaceOrientationPortraitUpsideDown UIInterfaceOrientationLandscapeLeft UIInterfaceOrientationLandscapeRight";
				INFOPLIST_KEY_UISupportedInterfaceOrientations_iPhone = "UIInterfaceOrientationPortrait UIInterfaceOrientationLandscapeLeft UIInterfaceOrientationLandscapeRight";
				LD_RUNPATH_SEARCH_PATHS = (
					"$(inherited)",
					"@executable_path/Frameworks",
				);
				MARKETING_VERSION = 1.0;
				PRODUCT_BUNDLE_IDENTIFIER = "com.fantageek.SwiftUI-google-cloud-video-intelligence";
				PRODUCT_NAME = "$(TARGET_NAME)";
				SWIFT_EMIT_LOC_STRINGS = YES;
				SWIFT_VERSION = 5.0;
				TARGETED_DEVICE_FAMILY = "1,2";
			};
			name = Debug;
		};
		1B0B83D429350D03009CD0F7 /* Release */ = {
			isa = XCBuildConfiguration;
			buildSettings = {
				ASSETCATALOG_COMPILER_APPICON_NAME = AppIcon;
				ASSETCATALOG_COMPILER_GLOBAL_ACCENT_COLOR_NAME = AccentColor;
				CODE_SIGN_STYLE = Automatic;
				CURRENT_PROJECT_VERSION = 1;
				DEVELOPMENT_ASSET_PATHS = "\"SwiftUI_google_cloud_video_intelligence/Preview Content\"";
				DEVELOPMENT_TEAM = 555LCL8R2S;
				ENABLE_PREVIEWS = YES;
				GENERATE_INFOPLIST_FILE = YES;
				INFOPLIST_KEY_UIApplicationSceneManifest_Generation = YES;
				INFOPLIST_KEY_UIApplicationSupportsIndirectInputEvents = YES;
				INFOPLIST_KEY_UILaunchScreen_Generation = YES;
				INFOPLIST_KEY_UISupportedInterfaceOrientations_iPad = "UIInterfaceOrientationPortrait UIInterfaceOrientationPortraitUpsideDown UIInterfaceOrientationLandscapeLeft UIInterfaceOrientationLandscapeRight";
				INFOPLIST_KEY_UISupportedInterfaceOrientations_iPhone = "UIInterfaceOrientationPortrait UIInterfaceOrientationLandscapeLeft UIInterfaceOrientationLandscapeRight";
				LD_RUNPATH_SEARCH_PATHS = (
					"$(inherited)",
					"@executable_path/Frameworks",
				);
				MARKETING_VERSION = 1.0;
				PRODUCT_BUNDLE_IDENTIFIER = "com.fantageek.SwiftUI-google-cloud-video-intelligence";
				PRODUCT_NAME = "$(TARGET_NAME)";
				SWIFT_EMIT_LOC_STRINGS = YES;
				SWIFT_VERSION = 5.0;
				TARGETED_DEVICE_FAMILY = "1,2";
			};
			name = Release;
		};
/* End XCBuildConfiguration section */

/* Begin XCConfigurationList section */
		1B0B83BF29350D01009CD0F7 /* Build configuration list for PBXProject "SwiftUI_google_cloud_video_intelligence" */ = {
			isa = XCConfigurationList;
			buildConfigurations = (
				1B0B83D029350D03009CD0F7 /* Debug */,
				1B0B83D129350D03009CD0F7 /* Release */,
			);
			defaultConfigurationIsVisible = 0;
			defaultConfigurationName = Release;
		};
		1B0B83D229350D03009CD0F7 /* Build configuration list for PBXNativeTarget "SwiftUI_google_cloud_video_intelligence" */ = {
			isa = XCConfigurationList;
			buildConfigurations = (
				1B0B83D329350D03009CD0F7 /* Debug */,
				1B0B83D429350D03009CD0F7 /* Release */,
			);
			defaultConfigurationIsVisible = 0;
			defaultConfigurationName = Release;
		};
/* End XCConfigurationList section */

/* Begin XCRemoteSwiftPackageReference section */
		1B0B83D529350F4B009CD0F7 /* XCRemoteSwiftPackageReference "firebase-ios-sdk" */ = {
			isa = XCRemoteSwiftPackageReference;
			repositoryURL = "https://github.com/firebase/firebase-ios-sdk.git";
			requirement = {
				kind = upToNextMajorVersion;
				minimumVersion = 9.0.0;
			};
		};
/* End XCRemoteSwiftPackageReference section */

/* Begin XCSwiftPackageProductDependency section */
		1B0B83D629350F4B009CD0F7 /* FirebaseAuth */ = {
			isa = XCSwiftPackageProductDependency;
			package = 1B0B83D529350F4B009CD0F7 /* XCRemoteSwiftPackageReference "firebase-ios-sdk" */;
			productName = FirebaseAuth;
		};
		1B0B83D829350F4B009CD0F7 /* FirebaseFirestore */ = {
			isa = XCSwiftPackageProductDependency;
			package = 1B0B83D529350F4B009CD0F7 /* XCRemoteSwiftPackageReference "firebase-ios-sdk" */;
			productName = FirebaseFirestore;
		};
		1B0B83DA29350F4B009CD0F7 /* FirebaseFirestoreSwift */ = {
			isa = XCSwiftPackageProductDependency;
			package = 1B0B83D529350F4B009CD0F7 /* XCRemoteSwiftPackageReference "firebase-ios-sdk" */;
			productName = FirebaseFirestoreSwift;
		};
/* End XCSwiftPackageProductDependency section */
	};
	rootObject = 1B0B83BC29350D01009CD0F7 /* Project object */;
}
